
Microsoft Visual Studio Solution File, Format Version 12.00
# Visual Studio Version 17
VisualStudioVersion = 17.9.34723.18
MinimumVisualStudioVersion = 10.0.40219.1
Project("{FAE04EC0-301F-11D3-BF4B-00C04F79EFBC}") = "ClientConfiguration.API", "ClientConfiguration.API\ClientConfiguration.API.csproj", "{8DD447ED-F2D5-457B-9796-2C6CA4207F9F}"
EndProject
Project("{FAE04EC0-301F-11D3-BF4B-00C04F79EFBC}") = "ClientConfiguration.Domain", "ClientConfiguration.Domain\ClientConfiguration.Domain.csproj", "{7D76918C-7904-41E2-ABCF-0D0374BBBAEB}"
EndProject
Project("{FAE04EC0-301F-11D3-BF4B-00C04F79EFBC}") = "ClientConfiguration.Application", "ClientConfiguration.Application\ClientConfiguration.Application.csproj", "{FB62A927-4163-4340-BFE9-BFC8BA05E31E}"
EndProject
Project("{FAE04EC0-301F-11D3-BF4B-00C04F79EFBC}") = "ClientConfiguration.Infrastructure", "ClientConfiguration.Infrastructure\ClientConfiguration.Infrastructure.csproj", "{3089559E-D7B1-4558-8C8C-9507B0CEC525}"
EndProject
Global
	GlobalSection(SolutionConfigurationPlatforms) = preSolution
		Debug|Any CPU = Debug|Any CPU
		Release|Any CPU = Release|Any CPU
	EndGlobalSection
	GlobalSection(ProjectConfigurationPlatforms) = postSolution
		{8DD447ED-F2D5-457B-9796-2C6CA4207F9F}.Debug|Any CPU.ActiveCfg = Debug|Any CPU
		{8DD447ED-F2D5-457B-9796-2C6CA4207F9F}.Debug|Any CPU.Build.0 = Debug|Any CPU
		{8DD447ED-F2D5-457B-9796-2C6CA4207F9F}.Release|Any CPU.ActiveCfg = Release|Any CPU
		{8DD447ED-F2D5-457B-9796-2C6CA4207F9F}.Release|Any CPU.Build.0 = Release|Any CPU
		{7D76918C-7904-41E2-ABCF-0D0374BBBAEB}.Debug|Any CPU.ActiveCfg = Debug|Any CPU
		{7D76918C-7904-41E2-ABCF-0D0374BBBAEB}.Debug|Any CPU.Build.0 = Debug|Any CPU
		{7D76918C-7904-41E2-ABCF-0D0374BBBAEB}.Release|Any CPU.ActiveCfg = Release|Any CPU
		{7D76918C-7904-41E2-ABCF-0D0374BBBAEB}.Release|Any CPU.Build.0 = Release|Any CPU
		{FB62A927-4163-4340-BFE9-BFC8BA05E31E}.Debug|Any CPU.ActiveCfg = Debug|Any CPU
		{FB62A927-4163-4340-BFE9-BFC8BA05E31E}.Debug|Any CPU.Build.0 = Debug|Any CPU
		{FB62A927-4163-4340-BFE9-BFC8BA05E31E}.Release|Any CPU.ActiveCfg = Release|Any CPU
		{FB62A927-4163-4340-BFE9-BFC8BA05E31E}.Release|Any CPU.Build.0 = Release|Any CPU
		{3089559E-D7B1-4558-8C8C-9507B0CEC525}.Debug|Any CPU.ActiveCfg = Debug|Any CPU
		{3089559E-D7B1-4558-8C8C-9507B0CEC525}.Debug|Any CPU.Build.0 = Debug|Any CPU
		{3089559E-D7B1-4558-8C8C-9507B0CEC525}.Release|Any CPU.ActiveCfg = Release|Any CPU
		{3089559E-D7B1-4558-8C8C-9507B0CEC525}.Release|Any CPU.Build.0 = Release|Any CPU
	EndGlobalSection
	GlobalSection(SolutionProperties) = preSolution
		HideSolutionNode = FALSE
	EndGlobalSection
	GlobalSection(ExtensibilityGlobals) = postSolution
		SolutionGuid = {845A00C6-182B-469B-AD42-3F646DF08ED2}
	EndGlobalSection
EndGlobal
